// !$*UTF8*$!
{
	archiveVersion = 1;
	classes = {
	};
	objectVersion = 50;
	objects = {

/* Begin PBXBuildFile section */
		013206E4A3DC806FC84F9BAC /* Pods_Fremie_FriendsTests.framework in Frameworks */ = {isa = PBXBuildFile; fileRef = C3574F9C91AA1D0371F52371 /* Pods_Fremie_FriendsTests.framework */; };
		689A5B03CD26D93C5CD11122 /* Pods_Fremie_Friends_Fremie_FriendsUITests.framework in Frameworks */ = {isa = PBXBuildFile; fileRef = C693762A6C49047A1C692200 /* Pods_Fremie_Friends_Fremie_FriendsUITests.framework */; };
		8098FD7B61965397A1817670 /* Pods_Fremie_Friends.framework in Frameworks */ = {isa = PBXBuildFile; fileRef = C8040F7F2666F1B1FA92A60E /* Pods_Fremie_Friends.framework */; };
		9B23E8692434CC5200DD9AC5 /* FriendsModel.xcdatamodeld in Sources */ = {isa = PBXBuildFile; fileRef = 9B23E8672434CC5200DD9AC5 /* FriendsModel.xcdatamodeld */; };
		9B405E3724425A94009585DB /* BottomSheetDatePicker.swift in Sources */ = {isa = PBXBuildFile; fileRef = 9B405E3624425A94009585DB /* BottomSheetDatePicker.swift */; };
		9B445AB6241C4DB0009DA00F /* ItemTableViewCell.swift in Sources */ = {isa = PBXBuildFile; fileRef = 9B445AB4241C4DB0009DA00F /* ItemTableViewCell.swift */; };
		9B445AB7241C4DB0009DA00F /* ItemTableViewCell.xib in Resources */ = {isa = PBXBuildFile; fileRef = 9B445AB5241C4DB0009DA00F /* ItemTableViewCell.xib */; };
		9B995D6D241C654A00AD9913 /* FriendsListViewController.swift in Sources */ = {isa = PBXBuildFile; fileRef = 9B995D6C241C654A00AD9913 /* FriendsListViewController.swift */; };
		9BCB2DFA2410885200ADF13F /* AppDelegate.swift in Sources */ = {isa = PBXBuildFile; fileRef = 9BCB2DF92410885200ADF13F /* AppDelegate.swift */; };
		9BCB2DFC2410885200ADF13F /* SceneDelegate.swift in Sources */ = {isa = PBXBuildFile; fileRef = 9BCB2DFB2410885200ADF13F /* SceneDelegate.swift */; };
		9BCB2E032410885400ADF13F /* Assets.xcassets in Resources */ = {isa = PBXBuildFile; fileRef = 9BCB2E022410885400ADF13F /* Assets.xcassets */; };
		9BCB2E062410885400ADF13F /* LaunchScreen.storyboard in Resources */ = {isa = PBXBuildFile; fileRef = 9BCB2E042410885400ADF13F /* LaunchScreen.storyboard */; };
		9BCB2E112410885400ADF13F /* Fremie_FriendsTests.swift in Sources */ = {isa = PBXBuildFile; fileRef = 9BCB2E102410885400ADF13F /* Fremie_FriendsTests.swift */; };
		9BCB2E1C2410885400ADF13F /* Fremie_FriendsUITests.swift in Sources */ = {isa = PBXBuildFile; fileRef = 9BCB2E1B2410885400ADF13F /* Fremie_FriendsUITests.swift */; };
		9BD1999C24381980006C0D0A /* DetailViewController.swift in Sources */ = {isa = PBXBuildFile; fileRef = 9BD1999A24381980006C0D0A /* DetailViewController.swift */; };
		9BD1999D24381980006C0D0A /* DetailViewController.xib in Resources */ = {isa = PBXBuildFile; fileRef = 9BD1999B24381980006C0D0A /* DetailViewController.xib */; };
		9BDCCC8D241B12810079DA74 /* LocalFriend.swift in Sources */ = {isa = PBXBuildFile; fileRef = 9BDCCC8C241B12810079DA74 /* LocalFriend.swift */; };
		9BDCCC8F241BB99A0079DA74 /* NewFriendViewController.swift in Sources */ = {isa = PBXBuildFile; fileRef = 9BDCCC8E241BB99A0079DA74 /* NewFriendViewController.swift */; };
		9BE353EE24475FC000323E5D /* UIView+Animations.swift in Sources */ = {isa = PBXBuildFile; fileRef = 9BE353ED24475FC000323E5D /* UIView+Animations.swift */; };
		9BEA5DB0244101320080A642 /* FFTextField.swift in Sources */ = {isa = PBXBuildFile; fileRef = 9BEA5DAF244101320080A642 /* FFTextField.swift */; };
		9BEA5DB4244103E40080A642 /* NewFriendViewModel.swift in Sources */ = {isa = PBXBuildFile; fileRef = 9BEA5DB3244103E40080A642 /* NewFriendViewModel.swift */; };
		9BEA5DB724410FA80080A642 /* FriendsListViewModel.swift in Sources */ = {isa = PBXBuildFile; fileRef = 9BEA5DB624410FA80080A642 /* FriendsListViewModel.swift */; };
		9BEA5DB924413EE00080A642 /* BottomSheetPicker.swift in Sources */ = {isa = PBXBuildFile; fileRef = 9BEA5DB824413EE00080A642 /* BottomSheetPicker.swift */; };
		9BFB254524380B8B005BC046 /* Main.storyboard in Resources */ = {isa = PBXBuildFile; fileRef = 9BFB254424380B8B005BC046 /* Main.storyboard */; };
		9BFB2583243813D6005BC046 /* MasterViewController.swift in Sources */ = {isa = PBXBuildFile; fileRef = 9BFB2582243813D6005BC046 /* MasterViewController.swift */; };
		B343970A25802C0B00EE36E0 /* EmptyFriendsListView.swift in Sources */ = {isa = PBXBuildFile; fileRef = B343970925802C0B00EE36E0 /* EmptyFriendsListView.swift */; };
/* End PBXBuildFile section */

/* Begin PBXContainerItemProxy section */
		9BCB2E0D2410885400ADF13F /* PBXContainerItemProxy */ = {
			isa = PBXContainerItemProxy;
			containerPortal = 9BCB2DEE2410885200ADF13F /* Project object */;
			proxyType = 1;
			remoteGlobalIDString = 9BCB2DF52410885200ADF13F;
			remoteInfo = "Fremie Friends";
		};
		9BCB2E182410885400ADF13F /* PBXContainerItemProxy */ = {
			isa = PBXContainerItemProxy;
			containerPortal = 9BCB2DEE2410885200ADF13F /* Project object */;
			proxyType = 1;
			remoteGlobalIDString = 9BCB2DF52410885200ADF13F;
			remoteInfo = "Fremie Friends";
		};
/* End PBXContainerItemProxy section */

/* Begin PBXFileReference section */
		22DFD5175DD5C4CF0E6B5A42 /* Pods-Fremie Friends-Fremie FriendsUITests.debug.xcconfig */ = {isa = PBXFileReference; includeInIndex = 1; lastKnownFileType = text.xcconfig; name = "Pods-Fremie Friends-Fremie FriendsUITests.debug.xcconfig"; path = "Target Support Files/Pods-Fremie Friends-Fremie FriendsUITests/Pods-Fremie Friends-Fremie FriendsUITests.debug.xcconfig"; sourceTree = "<group>"; };
		316B7C07FCA84D1D19DF2F14 /* Pods-Fremie FriendsTests.debug.xcconfig */ = {isa = PBXFileReference; includeInIndex = 1; lastKnownFileType = text.xcconfig; name = "Pods-Fremie FriendsTests.debug.xcconfig"; path = "Target Support Files/Pods-Fremie FriendsTests/Pods-Fremie FriendsTests.debug.xcconfig"; sourceTree = "<group>"; };
		4A7D9FD101C0E31A116AD268 /* Pods-Fremie Friends.debug.xcconfig */ = {isa = PBXFileReference; includeInIndex = 1; lastKnownFileType = text.xcconfig; name = "Pods-Fremie Friends.debug.xcconfig"; path = "Target Support Files/Pods-Fremie Friends/Pods-Fremie Friends.debug.xcconfig"; sourceTree = "<group>"; };
		89F8084EEEBEF8A3D44DE2A5 /* Pods-Fremie Friends-Fremie FriendsUITests.release.xcconfig */ = {isa = PBXFileReference; includeInIndex = 1; lastKnownFileType = text.xcconfig; name = "Pods-Fremie Friends-Fremie FriendsUITests.release.xcconfig"; path = "Target Support Files/Pods-Fremie Friends-Fremie FriendsUITests/Pods-Fremie Friends-Fremie FriendsUITests.release.xcconfig"; sourceTree = "<group>"; };
		9B23E8642434253800DD9AC5 /* Fremie Friends.entitlements */ = {isa = PBXFileReference; lastKnownFileType = text.plist.entitlements; path = "Fremie Friends.entitlements"; sourceTree = "<group>"; };
		9B23E8682434CC5200DD9AC5 /* FriendsModel.xcdatamodel */ = {isa = PBXFileReference; lastKnownFileType = wrapper.xcdatamodel; path = FriendsModel.xcdatamodel; sourceTree = "<group>"; };
		9B405E3624425A94009585DB /* BottomSheetDatePicker.swift */ = {isa = PBXFileReference; lastKnownFileType = sourcecode.swift; path = BottomSheetDatePicker.swift; sourceTree = "<group>"; };
		9B445AB4241C4DB0009DA00F /* ItemTableViewCell.swift */ = {isa = PBXFileReference; lastKnownFileType = sourcecode.swift; path = ItemTableViewCell.swift; sourceTree = "<group>"; };
		9B445AB5241C4DB0009DA00F /* ItemTableViewCell.xib */ = {isa = PBXFileReference; lastKnownFileType = file.xib; path = ItemTableViewCell.xib; sourceTree = "<group>"; };
		9B995D6C241C654A00AD9913 /* FriendsListViewController.swift */ = {isa = PBXFileReference; lastKnownFileType = sourcecode.swift; path = FriendsListViewController.swift; sourceTree = "<group>"; };
		9BCB2DF62410885200ADF13F /* Fremie Friends.app */ = {isa = PBXFileReference; explicitFileType = wrapper.application; includeInIndex = 0; path = "Fremie Friends.app"; sourceTree = BUILT_PRODUCTS_DIR; };
		9BCB2DF92410885200ADF13F /* AppDelegate.swift */ = {isa = PBXFileReference; lastKnownFileType = sourcecode.swift; path = AppDelegate.swift; sourceTree = "<group>"; };
		9BCB2DFB2410885200ADF13F /* SceneDelegate.swift */ = {isa = PBXFileReference; lastKnownFileType = sourcecode.swift; path = SceneDelegate.swift; sourceTree = "<group>"; };
		9BCB2E022410885400ADF13F /* Assets.xcassets */ = {isa = PBXFileReference; lastKnownFileType = folder.assetcatalog; path = Assets.xcassets; sourceTree = "<group>"; };
		9BCB2E052410885400ADF13F /* Base */ = {isa = PBXFileReference; lastKnownFileType = file.storyboard; name = Base; path = Base.lproj/LaunchScreen.storyboard; sourceTree = "<group>"; };
		9BCB2E072410885400ADF13F /* Info.plist */ = {isa = PBXFileReference; lastKnownFileType = text.plist.xml; path = Info.plist; sourceTree = "<group>"; };
		9BCB2E0C2410885400ADF13F /* Fremie FriendsTests.xctest */ = {isa = PBXFileReference; explicitFileType = wrapper.cfbundle; includeInIndex = 0; path = "Fremie FriendsTests.xctest"; sourceTree = BUILT_PRODUCTS_DIR; };
		9BCB2E102410885400ADF13F /* Fremie_FriendsTests.swift */ = {isa = PBXFileReference; lastKnownFileType = sourcecode.swift; path = Fremie_FriendsTests.swift; sourceTree = "<group>"; };
		9BCB2E122410885400ADF13F /* Info.plist */ = {isa = PBXFileReference; lastKnownFileType = text.plist.xml; path = Info.plist; sourceTree = "<group>"; };
		9BCB2E172410885400ADF13F /* Fremie FriendsUITests.xctest */ = {isa = PBXFileReference; explicitFileType = wrapper.cfbundle; includeInIndex = 0; path = "Fremie FriendsUITests.xctest"; sourceTree = BUILT_PRODUCTS_DIR; };
		9BCB2E1B2410885400ADF13F /* Fremie_FriendsUITests.swift */ = {isa = PBXFileReference; lastKnownFileType = sourcecode.swift; path = Fremie_FriendsUITests.swift; sourceTree = "<group>"; };
		9BCB2E1D2410885400ADF13F /* Info.plist */ = {isa = PBXFileReference; lastKnownFileType = text.plist.xml; path = Info.plist; sourceTree = "<group>"; };
		9BD1999A24381980006C0D0A /* DetailViewController.swift */ = {isa = PBXFileReference; lastKnownFileType = sourcecode.swift; path = DetailViewController.swift; sourceTree = "<group>"; };
		9BD1999B24381980006C0D0A /* DetailViewController.xib */ = {isa = PBXFileReference; lastKnownFileType = file.xib; path = DetailViewController.xib; sourceTree = "<group>"; };
		9BDCCC8C241B12810079DA74 /* LocalFriend.swift */ = {isa = PBXFileReference; lastKnownFileType = sourcecode.swift; path = LocalFriend.swift; sourceTree = "<group>"; };
		9BDCCC8E241BB99A0079DA74 /* NewFriendViewController.swift */ = {isa = PBXFileReference; lastKnownFileType = sourcecode.swift; path = NewFriendViewController.swift; sourceTree = "<group>"; };
		9BE353ED24475FC000323E5D /* UIView+Animations.swift */ = {isa = PBXFileReference; lastKnownFileType = sourcecode.swift; path = "UIView+Animations.swift"; sourceTree = "<group>"; };
		9BEA5DAF244101320080A642 /* FFTextField.swift */ = {isa = PBXFileReference; lastKnownFileType = sourcecode.swift; path = FFTextField.swift; sourceTree = "<group>"; };
		9BEA5DB3244103E40080A642 /* NewFriendViewModel.swift */ = {isa = PBXFileReference; lastKnownFileType = sourcecode.swift; path = NewFriendViewModel.swift; sourceTree = "<group>"; };
		9BEA5DB624410FA80080A642 /* FriendsListViewModel.swift */ = {isa = PBXFileReference; lastKnownFileType = sourcecode.swift; path = FriendsListViewModel.swift; sourceTree = "<group>"; };
		9BEA5DB824413EE00080A642 /* BottomSheetPicker.swift */ = {isa = PBXFileReference; lastKnownFileType = sourcecode.swift; path = BottomSheetPicker.swift; sourceTree = "<group>"; };
		9BFB254424380B8B005BC046 /* Main.storyboard */ = {isa = PBXFileReference; lastKnownFileType = file.storyboard; path = Main.storyboard; sourceTree = "<group>"; };
		9BFB2582243813D6005BC046 /* MasterViewController.swift */ = {isa = PBXFileReference; lastKnownFileType = sourcecode.swift; path = MasterViewController.swift; sourceTree = "<group>"; };
		AC29A2236627E71DD1CB83BF /* Pods-Fremie Friends.release.xcconfig */ = {isa = PBXFileReference; includeInIndex = 1; lastKnownFileType = text.xcconfig; name = "Pods-Fremie Friends.release.xcconfig"; path = "Target Support Files/Pods-Fremie Friends/Pods-Fremie Friends.release.xcconfig"; sourceTree = "<group>"; };
		B343970925802C0B00EE36E0 /* EmptyFriendsListView.swift */ = {isa = PBXFileReference; lastKnownFileType = sourcecode.swift; path = EmptyFriendsListView.swift; sourceTree = "<group>"; };
		C3574F9C91AA1D0371F52371 /* Pods_Fremie_FriendsTests.framework */ = {isa = PBXFileReference; explicitFileType = wrapper.framework; includeInIndex = 0; path = Pods_Fremie_FriendsTests.framework; sourceTree = BUILT_PRODUCTS_DIR; };
		C693762A6C49047A1C692200 /* Pods_Fremie_Friends_Fremie_FriendsUITests.framework */ = {isa = PBXFileReference; explicitFileType = wrapper.framework; includeInIndex = 0; path = Pods_Fremie_Friends_Fremie_FriendsUITests.framework; sourceTree = BUILT_PRODUCTS_DIR; };
		C8040F7F2666F1B1FA92A60E /* Pods_Fremie_Friends.framework */ = {isa = PBXFileReference; explicitFileType = wrapper.framework; includeInIndex = 0; path = Pods_Fremie_Friends.framework; sourceTree = BUILT_PRODUCTS_DIR; };
		D50A080B65EEF54D4B773B52 /* Pods-Fremie FriendsTests.release.xcconfig */ = {isa = PBXFileReference; includeInIndex = 1; lastKnownFileType = text.xcconfig; name = "Pods-Fremie FriendsTests.release.xcconfig"; path = "Target Support Files/Pods-Fremie FriendsTests/Pods-Fremie FriendsTests.release.xcconfig"; sourceTree = "<group>"; };
/* End PBXFileReference section */

/* Begin PBXFrameworksBuildPhase section */
		9BCB2DF32410885200ADF13F /* Frameworks */ = {
			isa = PBXFrameworksBuildPhase;
			buildActionMask = 2147483647;
			files = (
				8098FD7B61965397A1817670 /* Pods_Fremie_Friends.framework in Frameworks */,
			);
			runOnlyForDeploymentPostprocessing = 0;
		};
		9BCB2E092410885400ADF13F /* Frameworks */ = {
			isa = PBXFrameworksBuildPhase;
			buildActionMask = 2147483647;
			files = (
				013206E4A3DC806FC84F9BAC /* Pods_Fremie_FriendsTests.framework in Frameworks */,
			);
			runOnlyForDeploymentPostprocessing = 0;
		};
		9BCB2E142410885400ADF13F /* Frameworks */ = {
			isa = PBXFrameworksBuildPhase;
			buildActionMask = 2147483647;
			files = (
				689A5B03CD26D93C5CD11122 /* Pods_Fremie_Friends_Fremie_FriendsUITests.framework in Frameworks */,
			);
			runOnlyForDeploymentPostprocessing = 0;
		};
/* End PBXFrameworksBuildPhase section */

/* Begin PBXGroup section */
		27D096A17596233647E71779 /* Frameworks */ = {
			isa = PBXGroup;
			children = (
				C8040F7F2666F1B1FA92A60E /* Pods_Fremie_Friends.framework */,
				C693762A6C49047A1C692200 /* Pods_Fremie_Friends_Fremie_FriendsUITests.framework */,
				C3574F9C91AA1D0371F52371 /* Pods_Fremie_FriendsTests.framework */,
			);
			name = Frameworks;
			sourceTree = "<group>";
		};
		9B6A41A32438171100504355 /* Storyboards */ = {
			isa = PBXGroup;
			children = (
				9BFB254424380B8B005BC046 /* Main.storyboard */,
				9BCB2E042410885400ADF13F /* LaunchScreen.storyboard */,
			);
			path = Storyboards;
			sourceTree = "<group>";
		};
		9B6A41A4243817A000504355 /* Models */ = {
			isa = PBXGroup;
			children = (
				9B23E8672434CC5200DD9AC5 /* FriendsModel.xcdatamodeld */,
				9BDCCC8C241B12810079DA74 /* LocalFriend.swift */,
			);
			path = Models;
			sourceTree = "<group>";
		};
		9BCB2DED2410885200ADF13F = {
			isa = PBXGroup;
			children = (
				9BCB2DF82410885200ADF13F /* Fremie Friends */,
				9BCB2E0F2410885400ADF13F /* Fremie FriendsTests */,
				9BCB2E1A2410885400ADF13F /* Fremie FriendsUITests */,
				9BCB2DF72410885200ADF13F /* Products */,
				E5DEB18D4C6AE31A3D949B65 /* Pods */,
				27D096A17596233647E71779 /* Frameworks */,
			);
			sourceTree = "<group>";
		};
		9BCB2DF72410885200ADF13F /* Products */ = {
			isa = PBXGroup;
			children = (
				9BCB2DF62410885200ADF13F /* Fremie Friends.app */,
				9BCB2E0C2410885400ADF13F /* Fremie FriendsTests.xctest */,
				9BCB2E172410885400ADF13F /* Fremie FriendsUITests.xctest */,
			);
			name = Products;
			sourceTree = "<group>";
		};
		9BCB2DF82410885200ADF13F /* Fremie Friends */ = {
			isa = PBXGroup;
			children = (
				9B23E8642434253800DD9AC5 /* Fremie Friends.entitlements */,
				9BCB2DF92410885200ADF13F /* AppDelegate.swift */,
				9BCB2DFB2410885200ADF13F /* SceneDelegate.swift */,
				9BFB2582243813D6005BC046 /* MasterViewController.swift */,
				9BD1999A24381980006C0D0A /* DetailViewController.swift */,
				9BD1999B24381980006C0D0A /* DetailViewController.xib */,
				9BEA5DB12441013B0080A642 /* Custom Components */,
				9B6A41A4243817A000504355 /* Models */,
				9B6A41A32438171100504355 /* Storyboards */,
				9BEA5DB2244103C90080A642 /* NewFriend */,
				9BEA5DB524410F7E0080A642 /* FriendsList */,
				9BCB2E022410885400ADF13F /* Assets.xcassets */,
				9BCB2E072410885400ADF13F /* Info.plist */,
				9BE353ED24475FC000323E5D /* UIView+Animations.swift */,
			);
			path = "Fremie Friends";
			sourceTree = "<group>";
		};
		9BCB2E0F2410885400ADF13F /* Fremie FriendsTests */ = {
			isa = PBXGroup;
			children = (
				9BCB2E102410885400ADF13F /* Fremie_FriendsTests.swift */,
				9BCB2E122410885400ADF13F /* Info.plist */,
			);
			path = "Fremie FriendsTests";
			sourceTree = "<group>";
		};
		9BCB2E1A2410885400ADF13F /* Fremie FriendsUITests */ = {
			isa = PBXGroup;
			children = (
				9BCB2E1B2410885400ADF13F /* Fremie_FriendsUITests.swift */,
				9BCB2E1D2410885400ADF13F /* Info.plist */,
			);
			path = "Fremie FriendsUITests";
			sourceTree = "<group>";
		};
		9BEA5DB12441013B0080A642 /* Custom Components */ = {
			isa = PBXGroup;
			children = (
				9BEA5DAF244101320080A642 /* FFTextField.swift */,
			);
			path = "Custom Components";
			sourceTree = "<group>";
		};
		9BEA5DB2244103C90080A642 /* NewFriend */ = {
			isa = PBXGroup;
			children = (
				9BDCCC8E241BB99A0079DA74 /* NewFriendViewController.swift */,
				9BEA5DB824413EE00080A642 /* BottomSheetPicker.swift */,
				9B405E3624425A94009585DB /* BottomSheetDatePicker.swift */,
				9BEA5DB3244103E40080A642 /* NewFriendViewModel.swift */,
			);
			path = NewFriend;
			sourceTree = "<group>";
		};
		9BEA5DB524410F7E0080A642 /* FriendsList */ = {
			isa = PBXGroup;
			children = (
				9B445AB5241C4DB0009DA00F /* ItemTableViewCell.xib */,
				9B445AB4241C4DB0009DA00F /* ItemTableViewCell.swift */,
				9B995D6C241C654A00AD9913 /* FriendsListViewController.swift */,
				9BEA5DB624410FA80080A642 /* FriendsListViewModel.swift */,
				B343970925802C0B00EE36E0 /* EmptyFriendsListView.swift */,
			);
			path = FriendsList;
			sourceTree = "<group>";
		};
		E5DEB18D4C6AE31A3D949B65 /* Pods */ = {
			isa = PBXGroup;
			children = (
				4A7D9FD101C0E31A116AD268 /* Pods-Fremie Friends.debug.xcconfig */,
				AC29A2236627E71DD1CB83BF /* Pods-Fremie Friends.release.xcconfig */,
				22DFD5175DD5C4CF0E6B5A42 /* Pods-Fremie Friends-Fremie FriendsUITests.debug.xcconfig */,
				89F8084EEEBEF8A3D44DE2A5 /* Pods-Fremie Friends-Fremie FriendsUITests.release.xcconfig */,
				316B7C07FCA84D1D19DF2F14 /* Pods-Fremie FriendsTests.debug.xcconfig */,
				D50A080B65EEF54D4B773B52 /* Pods-Fremie FriendsTests.release.xcconfig */,
			);
			path = Pods;
			sourceTree = "<group>";
		};
/* End PBXGroup section */

/* Begin PBXNativeTarget section */
		9BCB2DF52410885200ADF13F /* Fremie Friends */ = {
			isa = PBXNativeTarget;
			buildConfigurationList = 9BCB2E202410885400ADF13F /* Build configuration list for PBXNativeTarget "Fremie Friends" */;
			buildPhases = (
				BE5985B256C8959A50A1EC08 /* [CP] Check Pods Manifest.lock */,
				9BCB2DF22410885200ADF13F /* Sources */,
				9BCB2DF32410885200ADF13F /* Frameworks */,
				9BCB2DF42410885200ADF13F /* Resources */,
				9B8907C82450D214001B0158 /* Swift Lint */,
			);
			buildRules = (
			);
			dependencies = (
			);
			name = "Fremie Friends";
			productName = "Fremie Friends";
			productReference = 9BCB2DF62410885200ADF13F /* Fremie Friends.app */;
			productType = "com.apple.product-type.application";
		};
		9BCB2E0B2410885400ADF13F /* Fremie FriendsTests */ = {
			isa = PBXNativeTarget;
			buildConfigurationList = 9BCB2E232410885400ADF13F /* Build configuration list for PBXNativeTarget "Fremie FriendsTests" */;
			buildPhases = (
				B6D3F570B3DCE137D1D32441 /* [CP] Check Pods Manifest.lock */,
				9BCB2E082410885400ADF13F /* Sources */,
				9BCB2E092410885400ADF13F /* Frameworks */,
				9BCB2E0A2410885400ADF13F /* Resources */,
			);
			buildRules = (
			);
			dependencies = (
				9BCB2E0E2410885400ADF13F /* PBXTargetDependency */,
			);
			name = "Fremie FriendsTests";
			productName = "Fremie FriendsTests";
			productReference = 9BCB2E0C2410885400ADF13F /* Fremie FriendsTests.xctest */;
			productType = "com.apple.product-type.bundle.unit-test";
		};
		9BCB2E162410885400ADF13F /* Fremie FriendsUITests */ = {
			isa = PBXNativeTarget;
			buildConfigurationList = 9BCB2E262410885400ADF13F /* Build configuration list for PBXNativeTarget "Fremie FriendsUITests" */;
			buildPhases = (
				F52607D9D906791EE6ABE376 /* [CP] Check Pods Manifest.lock */,
				9BCB2E132410885400ADF13F /* Sources */,
				9BCB2E142410885400ADF13F /* Frameworks */,
				9BCB2E152410885400ADF13F /* Resources */,
			);
			buildRules = (
			);
			dependencies = (
				9BCB2E192410885400ADF13F /* PBXTargetDependency */,
			);
			name = "Fremie FriendsUITests";
			productName = "Fremie FriendsUITests";
			productReference = 9BCB2E172410885400ADF13F /* Fremie FriendsUITests.xctest */;
			productType = "com.apple.product-type.bundle.ui-testing";
		};
/* End PBXNativeTarget section */

/* Begin PBXProject section */
		9BCB2DEE2410885200ADF13F /* Project object */ = {
			isa = PBXProject;
			attributes = {
				LastSwiftUpdateCheck = 1130;
				LastUpgradeCheck = 1130;
				ORGANIZATIONNAME = "Dema Abu Adas";
				TargetAttributes = {
					9BCB2DF52410885200ADF13F = {
						CreatedOnToolsVersion = 11.3;
					};
					9BCB2E0B2410885400ADF13F = {
						CreatedOnToolsVersion = 11.3;
						TestTargetID = 9BCB2DF52410885200ADF13F;
					};
					9BCB2E162410885400ADF13F = {
						CreatedOnToolsVersion = 11.3;
						TestTargetID = 9BCB2DF52410885200ADF13F;
					};
				};
			};
			buildConfigurationList = 9BCB2DF12410885200ADF13F /* Build configuration list for PBXProject "Fremie Friends" */;
			compatibilityVersion = "Xcode 9.3";
			developmentRegion = en;
			hasScannedForEncodings = 0;
			knownRegions = (
				en,
				Base,
			);
			mainGroup = 9BCB2DED2410885200ADF13F;
			productRefGroup = 9BCB2DF72410885200ADF13F /* Products */;
			projectDirPath = "";
			projectRoot = "";
			targets = (
				9BCB2DF52410885200ADF13F /* Fremie Friends */,
				9BCB2E0B2410885400ADF13F /* Fremie FriendsTests */,
				9BCB2E162410885400ADF13F /* Fremie FriendsUITests */,
			);
		};
/* End PBXProject section */

/* Begin PBXResourcesBuildPhase section */
		9BCB2DF42410885200ADF13F /* Resources */ = {
			isa = PBXResourcesBuildPhase;
			buildActionMask = 2147483647;
			files = (
				9BCB2E062410885400ADF13F /* LaunchScreen.storyboard in Resources */,
				9BCB2E032410885400ADF13F /* Assets.xcassets in Resources */,
				9BD1999D24381980006C0D0A /* DetailViewController.xib in Resources */,
				9B445AB7241C4DB0009DA00F /* ItemTableViewCell.xib in Resources */,
				9BFB254524380B8B005BC046 /* Main.storyboard in Resources */,
			);
			runOnlyForDeploymentPostprocessing = 0;
		};
		9BCB2E0A2410885400ADF13F /* Resources */ = {
			isa = PBXResourcesBuildPhase;
			buildActionMask = 2147483647;
			files = (
			);
			runOnlyForDeploymentPostprocessing = 0;
		};
		9BCB2E152410885400ADF13F /* Resources */ = {
			isa = PBXResourcesBuildPhase;
			buildActionMask = 2147483647;
			files = (
			);
			runOnlyForDeploymentPostprocessing = 0;
		};
/* End PBXResourcesBuildPhase section */

/* Begin PBXShellScriptBuildPhase section */
		9B8907C82450D214001B0158 /* Swift Lint */ = {
			isa = PBXShellScriptBuildPhase;
			buildActionMask = 2147483647;
			files = (
			);
			inputFileListPaths = (
			);
			inputPaths = (
			);
			name = "Swift Lint";
			outputFileListPaths = (
			);
			outputPaths = (
			);
			runOnlyForDeploymentPostprocessing = 0;
			shellPath = /bin/sh;
			shellScript = "if which swiftlint >/dev/null; then\n  swiftlint\nelse\n  echo \"warning: SwiftLint not installed, download from https://github.com/realm/SwiftLint\"\nfi\n";
		};
		B6D3F570B3DCE137D1D32441 /* [CP] Check Pods Manifest.lock */ = {
			isa = PBXShellScriptBuildPhase;
			buildActionMask = 2147483647;
			files = (
			);
			inputFileListPaths = (
			);
			inputPaths = (
				"${PODS_PODFILE_DIR_PATH}/Podfile.lock",
				"${PODS_ROOT}/Manifest.lock",
			);
			name = "[CP] Check Pods Manifest.lock";
			outputFileListPaths = (
			);
			outputPaths = (
				"$(DERIVED_FILE_DIR)/Pods-Fremie FriendsTests-checkManifestLockResult.txt",
			);
			runOnlyForDeploymentPostprocessing = 0;
			shellPath = /bin/sh;
			shellScript = "diff \"${PODS_PODFILE_DIR_PATH}/Podfile.lock\" \"${PODS_ROOT}/Manifest.lock\" > /dev/null\nif [ $? != 0 ] ; then\n    # print error to STDERR\n    echo \"error: The sandbox is not in sync with the Podfile.lock. Run 'pod install' or update your CocoaPods installation.\" >&2\n    exit 1\nfi\n# This output is used by Xcode 'outputs' to avoid re-running this script phase.\necho \"SUCCESS\" > \"${SCRIPT_OUTPUT_FILE_0}\"\n";
			showEnvVarsInLog = 0;
		};
		BE5985B256C8959A50A1EC08 /* [CP] Check Pods Manifest.lock */ = {
			isa = PBXShellScriptBuildPhase;
			buildActionMask = 2147483647;
			files = (
			);
			inputFileListPaths = (
			);
			inputPaths = (
				"${PODS_PODFILE_DIR_PATH}/Podfile.lock",
				"${PODS_ROOT}/Manifest.lock",
			);
			name = "[CP] Check Pods Manifest.lock";
			outputFileListPaths = (
			);
			outputPaths = (
				"$(DERIVED_FILE_DIR)/Pods-Fremie Friends-checkManifestLockResult.txt",
			);
			runOnlyForDeploymentPostprocessing = 0;
			shellPath = /bin/sh;
			shellScript = "diff \"${PODS_PODFILE_DIR_PATH}/Podfile.lock\" \"${PODS_ROOT}/Manifest.lock\" > /dev/null\nif [ $? != 0 ] ; then\n    # print error to STDERR\n    echo \"error: The sandbox is not in sync with the Podfile.lock. Run 'pod install' or update your CocoaPods installation.\" >&2\n    exit 1\nfi\n# This output is used by Xcode 'outputs' to avoid re-running this script phase.\necho \"SUCCESS\" > \"${SCRIPT_OUTPUT_FILE_0}\"\n";
			showEnvVarsInLog = 0;
		};
		F52607D9D906791EE6ABE376 /* [CP] Check Pods Manifest.lock */ = {
			isa = PBXShellScriptBuildPhase;
			buildActionMask = 2147483647;
			files = (
			);
			inputFileListPaths = (
			);
			inputPaths = (
				"${PODS_PODFILE_DIR_PATH}/Podfile.lock",
				"${PODS_ROOT}/Manifest.lock",
			);
			name = "[CP] Check Pods Manifest.lock";
			outputFileListPaths = (
			);
			outputPaths = (
				"$(DERIVED_FILE_DIR)/Pods-Fremie Friends-Fremie FriendsUITests-checkManifestLockResult.txt",
			);
			runOnlyForDeploymentPostprocessing = 0;
			shellPath = /bin/sh;
			shellScript = "diff \"${PODS_PODFILE_DIR_PATH}/Podfile.lock\" \"${PODS_ROOT}/Manifest.lock\" > /dev/null\nif [ $? != 0 ] ; then\n    # print error to STDERR\n    echo \"error: The sandbox is not in sync with the Podfile.lock. Run 'pod install' or update your CocoaPods installation.\" >&2\n    exit 1\nfi\n# This output is used by Xcode 'outputs' to avoid re-running this script phase.\necho \"SUCCESS\" > \"${SCRIPT_OUTPUT_FILE_0}\"\n";
			showEnvVarsInLog = 0;
		};
/* End PBXShellScriptBuildPhase section */

/* Begin PBXSourcesBuildPhase section */
		9BCB2DF22410885200ADF13F /* Sources */ = {
			isa = PBXSourcesBuildPhase;
			buildActionMask = 2147483647;
			files = (
				9BD1999C24381980006C0D0A /* DetailViewController.swift in Sources */,
				9BEA5DB0244101320080A642 /* FFTextField.swift in Sources */,
				9BE353EE24475FC000323E5D /* UIView+Animations.swift in Sources */,
				9BFB2583243813D6005BC046 /* MasterViewController.swift in Sources */,
				9BDCCC8F241BB99A0079DA74 /* NewFriendViewController.swift in Sources */,
				9BEA5DB724410FA80080A642 /* FriendsListViewModel.swift in Sources */,
				B343970A25802C0B00EE36E0 /* EmptyFriendsListView.swift in Sources */,
				9BDCCC8D241B12810079DA74 /* LocalFriend.swift in Sources */,
				9BCB2DFA2410885200ADF13F /* AppDelegate.swift in Sources */,
				9BEA5DB4244103E40080A642 /* NewFriendViewModel.swift in Sources */,
				9B445AB6241C4DB0009DA00F /* ItemTableViewCell.swift in Sources */,
				9B23E8692434CC5200DD9AC5 /* FriendsModel.xcdatamodeld in Sources */,
				9B405E3724425A94009585DB /* BottomSheetDatePicker.swift in Sources */,
				9B995D6D241C654A00AD9913 /* FriendsListViewController.swift in Sources */,
				9BEA5DB924413EE00080A642 /* BottomSheetPicker.swift in Sources */,
				9BCB2DFC2410885200ADF13F /* SceneDelegate.swift in Sources */,
			);
			runOnlyForDeploymentPostprocessing = 0;
		};
		9BCB2E082410885400ADF13F /* Sources */ = {
			isa = PBXSourcesBuildPhase;
			buildActionMask = 2147483647;
			files = (
				9BCB2E112410885400ADF13F /* Fremie_FriendsTests.swift in Sources */,
			);
			runOnlyForDeploymentPostprocessing = 0;
		};
		9BCB2E132410885400ADF13F /* Sources */ = {
			isa = PBXSourcesBuildPhase;
			buildActionMask = 2147483647;
			files = (
				9BCB2E1C2410885400ADF13F /* Fremie_FriendsUITests.swift in Sources */,
			);
			runOnlyForDeploymentPostprocessing = 0;
		};
/* End PBXSourcesBuildPhase section */

/* Begin PBXTargetDependency section */
		9BCB2E0E2410885400ADF13F /* PBXTargetDependency */ = {
			isa = PBXTargetDependency;
			target = 9BCB2DF52410885200ADF13F /* Fremie Friends */;
			targetProxy = 9BCB2E0D2410885400ADF13F /* PBXContainerItemProxy */;
		};
		9BCB2E192410885400ADF13F /* PBXTargetDependency */ = {
			isa = PBXTargetDependency;
			target = 9BCB2DF52410885200ADF13F /* Fremie Friends */;
			targetProxy = 9BCB2E182410885400ADF13F /* PBXContainerItemProxy */;
		};
/* End PBXTargetDependency section */

/* Begin PBXVariantGroup section */
		9BCB2E042410885400ADF13F /* LaunchScreen.storyboard */ = {
			isa = PBXVariantGroup;
			children = (
				9BCB2E052410885400ADF13F /* Base */,
			);
			name = LaunchScreen.storyboard;
			sourceTree = "<group>";
		};
/* End PBXVariantGroup section */

/* Begin XCBuildConfiguration section */
		9BCB2E1E2410885400ADF13F /* Debug */ = {
			isa = XCBuildConfiguration;
			buildSettings = {
				ALWAYS_SEARCH_USER_PATHS = NO;
				CLANG_ANALYZER_NONNULL = YES;
				CLANG_ANALYZER_NUMBER_OBJECT_CONVERSION = YES_AGGRESSIVE;
				CLANG_CXX_LANGUAGE_STANDARD = "gnu++14";
				CLANG_CXX_LIBRARY = "libc++";
				CLANG_ENABLE_MODULES = YES;
				CLANG_ENABLE_OBJC_ARC = YES;
				CLANG_ENABLE_OBJC_WEAK = YES;
				CLANG_WARN_BLOCK_CAPTURE_AUTORELEASING = YES;
				CLANG_WARN_BOOL_CONVERSION = YES;
				CLANG_WARN_COMMA = YES;
				CLANG_WARN_CONSTANT_CONVERSION = YES;
				CLANG_WARN_DEPRECATED_OBJC_IMPLEMENTATIONS = YES;
				CLANG_WARN_DIRECT_OBJC_ISA_USAGE = YES_ERROR;
				CLANG_WARN_DOCUMENTATION_COMMENTS = YES;
				CLANG_WARN_EMPTY_BODY = YES;
				CLANG_WARN_ENUM_CONVERSION = YES;
				CLANG_WARN_INFINITE_RECURSION = YES;
				CLANG_WARN_INT_CONVERSION = YES;
				CLANG_WARN_NON_LITERAL_NULL_CONVERSION = YES;
				CLANG_WARN_OBJC_IMPLICIT_RETAIN_SELF = YES;
				CLANG_WARN_OBJC_LITERAL_CONVERSION = YES;
				CLANG_WARN_OBJC_ROOT_CLASS = YES_ERROR;
				CLANG_WARN_RANGE_LOOP_ANALYSIS = YES;
				CLANG_WARN_STRICT_PROTOTYPES = YES;
				CLANG_WARN_SUSPICIOUS_MOVE = YES;
				CLANG_WARN_UNGUARDED_AVAILABILITY = YES_AGGRESSIVE;
				CLANG_WARN_UNREACHABLE_CODE = YES;
				CLANG_WARN__DUPLICATE_METHOD_MATCH = YES;
				COPY_PHASE_STRIP = NO;
				DEBUG_INFORMATION_FORMAT = dwarf;
				ENABLE_STRICT_OBJC_MSGSEND = YES;
				ENABLE_TESTABILITY = YES;
				GCC_C_LANGUAGE_STANDARD = gnu11;
				GCC_DYNAMIC_NO_PIC = NO;
				GCC_NO_COMMON_BLOCKS = YES;
				GCC_OPTIMIZATION_LEVEL = 0;
				GCC_PREPROCESSOR_DEFINITIONS = (
					"DEBUG=1",
					"$(inherited)",
				);
				GCC_WARN_64_TO_32_BIT_CONVERSION = YES;
				GCC_WARN_ABOUT_RETURN_TYPE = YES_ERROR;
				GCC_WARN_UNDECLARED_SELECTOR = YES;
				GCC_WARN_UNINITIALIZED_AUTOS = YES_AGGRESSIVE;
				GCC_WARN_UNUSED_FUNCTION = YES;
				GCC_WARN_UNUSED_VARIABLE = YES;
				IPHONEOS_DEPLOYMENT_TARGET = 13.2;
				MTL_ENABLE_DEBUG_INFO = INCLUDE_SOURCE;
				MTL_FAST_MATH = YES;
				ONLY_ACTIVE_ARCH = YES;
				SDKROOT = iphoneos;
				SWIFT_ACTIVE_COMPILATION_CONDITIONS = DEBUG;
				SWIFT_OPTIMIZATION_LEVEL = "-Onone";
			};
			name = Debug;
		};
		9BCB2E1F2410885400ADF13F /* Release */ = {
			isa = XCBuildConfiguration;
			buildSettings = {
				ALWAYS_SEARCH_USER_PATHS = NO;
				CLANG_ANALYZER_NONNULL = YES;
				CLANG_ANALYZER_NUMBER_OBJECT_CONVERSION = YES_AGGRESSIVE;
				CLANG_CXX_LANGUAGE_STANDARD = "gnu++14";
				CLANG_CXX_LIBRARY = "libc++";
				CLANG_ENABLE_MODULES = YES;
				CLANG_ENABLE_OBJC_ARC = YES;
				CLANG_ENABLE_OBJC_WEAK = YES;
				CLANG_WARN_BLOCK_CAPTURE_AUTORELEASING = YES;
				CLANG_WARN_BOOL_CONVERSION = YES;
				CLANG_WARN_COMMA = YES;
				CLANG_WARN_CONSTANT_CONVERSION = YES;
				CLANG_WARN_DEPRECATED_OBJC_IMPLEMENTATIONS = YES;
				CLANG_WARN_DIRECT_OBJC_ISA_USAGE = YES_ERROR;
				CLANG_WARN_DOCUMENTATION_COMMENTS = YES;
				CLANG_WARN_EMPTY_BODY = YES;
				CLANG_WARN_ENUM_CONVERSION = YES;
				CLANG_WARN_INFINITE_RECURSION = YES;
				CLANG_WARN_INT_CONVERSION = YES;
				CLANG_WARN_NON_LITERAL_NULL_CONVERSION = YES;
				CLANG_WARN_OBJC_IMPLICIT_RETAIN_SELF = YES;
				CLANG_WARN_OBJC_LITERAL_CONVERSION = YES;
				CLANG_WARN_OBJC_ROOT_CLASS = YES_ERROR;
				CLANG_WARN_RANGE_LOOP_ANALYSIS = YES;
				CLANG_WARN_STRICT_PROTOTYPES = YES;
				CLANG_WARN_SUSPICIOUS_MOVE = YES;
				CLANG_WARN_UNGUARDED_AVAILABILITY = YES_AGGRESSIVE;
				CLANG_WARN_UNREACHABLE_CODE = YES;
				CLANG_WARN__DUPLICATE_METHOD_MATCH = YES;
				COPY_PHASE_STRIP = NO;
				DEBUG_INFORMATION_FORMAT = "dwarf-with-dsym";
				ENABLE_NS_ASSERTIONS = NO;
				ENABLE_STRICT_OBJC_MSGSEND = YES;
				GCC_C_LANGUAGE_STANDARD = gnu11;
				GCC_NO_COMMON_BLOCKS = YES;
				GCC_WARN_64_TO_32_BIT_CONVERSION = YES;
				GCC_WARN_ABOUT_RETURN_TYPE = YES_ERROR;
				GCC_WARN_UNDECLARED_SELECTOR = YES;
				GCC_WARN_UNINITIALIZED_AUTOS = YES_AGGRESSIVE;
				GCC_WARN_UNUSED_FUNCTION = YES;
				GCC_WARN_UNUSED_VARIABLE = YES;
				IPHONEOS_DEPLOYMENT_TARGET = 13.2;
				MTL_ENABLE_DEBUG_INFO = NO;
				MTL_FAST_MATH = YES;
				SDKROOT = iphoneos;
				SWIFT_COMPILATION_MODE = wholemodule;
				SWIFT_OPTIMIZATION_LEVEL = "-O";
				VALIDATE_PRODUCT = YES;
			};
			name = Release;
		};
		9BCB2E212410885400ADF13F /* Debug */ = {
			isa = XCBuildConfiguration;
			baseConfigurationReference = 4A7D9FD101C0E31A116AD268 /* Pods-Fremie Friends.debug.xcconfig */;
			buildSettings = {
				ASSETCATALOG_COMPILER_APPICON_NAME = AppIcon;
				CODE_SIGN_ENTITLEMENTS = "Fremie Friends/Fremie Friends.entitlements";
				CODE_SIGN_IDENTITY = "Apple Development";
				CODE_SIGN_STYLE = Automatic;
				DEVELOPMENT_TEAM = "";
				INFOPLIST_FILE = "Fremie Friends/Info.plist";
				LD_RUNPATH_SEARCH_PATHS = (
					"$(inherited)",
					"@executable_path/Frameworks",
				);
				PRODUCT_BUNDLE_IDENTIFIER = "dema.Fremie-Friends";
				PRODUCT_NAME = "$(TARGET_NAME)";
				PROVISIONING_PROFILE_SPECIFIER = "";
				SWIFT_VERSION = 5.0;
				TARGETED_DEVICE_FAMILY = "1,2";
			};
			name = Debug;
		};
		9BCB2E222410885400ADF13F /* Release */ = {
			isa = XCBuildConfiguration;
			baseConfigurationReference = AC29A2236627E71DD1CB83BF /* Pods-Fremie Friends.release.xcconfig */;
			buildSettings = {
				ASSETCATALOG_COMPILER_APPICON_NAME = AppIcon;
				CODE_SIGN_ENTITLEMENTS = "Fremie Friends/Fremie Friends.entitlements";
				CODE_SIGN_IDENTITY = "Apple Development";
				CODE_SIGN_STYLE = Automatic;
				DEVELOPMENT_TEAM = "";
				INFOPLIST_FILE = "Fremie Friends/Info.plist";
				LD_RUNPATH_SEARCH_PATHS = (
					"$(inherited)",
					"@executable_path/Frameworks",
				);
				PRODUCT_BUNDLE_IDENTIFIER = "dema.Fremie-Friends";
				PRODUCT_NAME = "$(TARGET_NAME)";
				PROVISIONING_PROFILE_SPECIFIER = "";
				SWIFT_VERSION = 5.0;
				TARGETED_DEVICE_FAMILY = "1,2";
			};
			name = Release;
		};
		9BCB2E242410885400ADF13F /* Debug */ = {
			isa = XCBuildConfiguration;
			baseConfigurationReference = 316B7C07FCA84D1D19DF2F14 /* Pods-Fremie FriendsTests.debug.xcconfig */;
			buildSettings = {
				ALWAYS_EMBED_SWIFT_STANDARD_LIBRARIES = YES;
				BUNDLE_LOADER = "$(TEST_HOST)";
				CODE_SIGN_STYLE = Automatic;
				INFOPLIST_FILE = "Fremie FriendsTests/Info.plist";
				IPHONEOS_DEPLOYMENT_TARGET = 13.2;
				LD_RUNPATH_SEARCH_PATHS = (
					"$(inherited)",
					"@executable_path/Frameworks",
					"@loader_path/Frameworks",
				);
				PRODUCT_BUNDLE_IDENTIFIER = "dema.Fremie-FriendsTests";
				PRODUCT_NAME = "$(TARGET_NAME)";
				SWIFT_VERSION = 5.0;
				TARGETED_DEVICE_FAMILY = "1,2";
				TEST_HOST = "$(BUILT_PRODUCTS_DIR)/Fremie Friends.app/Fremie Friends";
			};
			name = Debug;
		};
		9BCB2E252410885400ADF13F /* Release */ = {
			isa = XCBuildConfiguration;
			baseConfigurationReference = D50A080B65EEF54D4B773B52 /* Pods-Fremie FriendsTests.release.xcconfig */;
			buildSettings = {
				ALWAYS_EMBED_SWIFT_STANDARD_LIBRARIES = YES;
				BUNDLE_LOADER = "$(TEST_HOST)";
				CODE_SIGN_STYLE = Automatic;
				INFOPLIST_FILE = "Fremie FriendsTests/Info.plist";
				IPHONEOS_DEPLOYMENT_TARGET = 13.2;
				LD_RUNPATH_SEARCH_PATHS = (
					"$(inherited)",
					"@executable_path/Frameworks",
					"@loader_path/Frameworks",
				);
				PRODUCT_BUNDLE_IDENTIFIER = "dema.Fremie-FriendsTests";
				PRODUCT_NAME = "$(TARGET_NAME)";
				SWIFT_VERSION = 5.0;
				TARGETED_DEVICE_FAMILY = "1,2";
				TEST_HOST = "$(BUILT_PRODUCTS_DIR)/Fremie Friends.app/Fremie Friends";
			};
			name = Release;
		};
		9BCB2E272410885400ADF13F /* Debug */ = {
			isa = XCBuildConfiguration;
			baseConfigurationReference = 22DFD5175DD5C4CF0E6B5A42 /* Pods-Fremie Friends-Fremie FriendsUITests.debug.xcconfig */;
			buildSettings = {
				ALWAYS_EMBED_SWIFT_STANDARD_LIBRARIES = YES;
				CODE_SIGN_STYLE = Automatic;
				INFOPLIST_FILE = "Fremie FriendsUITests/Info.plist";
				LD_RUNPATH_SEARCH_PATHS = (
					"$(inherited)",
					"@executable_path/Frameworks",
					"@loader_path/Frameworks",
				);
				PRODUCT_BUNDLE_IDENTIFIER = "dema.Fremie-FriendsUITests";
				PRODUCT_NAME = "$(TARGET_NAME)";
				SWIFT_VERSION = 5.0;
				TARGETED_DEVICE_FAMILY = "1,2";
				TEST_TARGET_NAME = "Fremie Friends";
			};
			name = Debug;
		};
		9BCB2E282410885400ADF13F /* Release */ = {
			isa = XCBuildConfiguration;
			baseConfigurationReference = 89F8084EEEBEF8A3D44DE2A5 /* Pods-Fremie Friends-Fremie FriendsUITests.release.xcconfig */;
			buildSettings = {
				ALWAYS_EMBED_SWIFT_STANDARD_LIBRARIES = YES;
				CODE_SIGN_STYLE = Automatic;
				INFOPLIST_FILE = "Fremie FriendsUITests/Info.plist";
				LD_RUNPATH_SEARCH_PATHS = (
					"$(inherited)",
					"@executable_path/Frameworks",
					"@loader_path/Frameworks",
				);
				PRODUCT_BUNDLE_IDENTIFIER = "dema.Fremie-FriendsUITests";
				PRODUCT_NAME = "$(TARGET_NAME)";
				SWIFT_VERSION = 5.0;
				TARGETED_DEVICE_FAMILY = "1,2";
				TEST_TARGET_NAME = "Fremie Friends";
			};
			name = Release;
		};
/* End XCBuildConfiguration section */

/* Begin XCConfigurationList section */
		9BCB2DF12410885200ADF13F /* Build configuration list for PBXProject "Fremie Friends" */ = {
			isa = XCConfigurationList;
			buildConfigurations = (
				9BCB2E1E2410885400ADF13F /* Debug */,
				9BCB2E1F2410885400ADF13F /* Release */,
			);
			defaultConfigurationIsVisible = 0;
			defaultConfigurationName = Release;
		};
		9BCB2E202410885400ADF13F /* Build configuration list for PBXNativeTarget "Fremie Friends" */ = {
			isa = XCConfigurationList;
			buildConfigurations = (
				9BCB2E212410885400ADF13F /* Debug */,
				9BCB2E222410885400ADF13F /* Release */,
			);
			defaultConfigurationIsVisible = 0;
			defaultConfigurationName = Release;
		};
		9BCB2E232410885400ADF13F /* Build configuration list for PBXNativeTarget "Fremie FriendsTests" */ = {
			isa = XCConfigurationList;
			buildConfigurations = (
				9BCB2E242410885400ADF13F /* Debug */,
				9BCB2E252410885400ADF13F /* Release */,
			);
			defaultConfigurationIsVisible = 0;
			defaultConfigurationName = Release;
		};
		9BCB2E262410885400ADF13F /* Build configuration list for PBXNativeTarget "Fremie FriendsUITests" */ = {
			isa = XCConfigurationList;
			buildConfigurations = (
				9BCB2E272410885400ADF13F /* Debug */,
				9BCB2E282410885400ADF13F /* Release */,
			);
			defaultConfigurationIsVisible = 0;
			defaultConfigurationName = Release;
		};
/* End XCConfigurationList section */

/* Begin XCVersionGroup section */
		9B23E8672434CC5200DD9AC5 /* FriendsModel.xcdatamodeld */ = {
			isa = XCVersionGroup;
			children = (
				9B23E8682434CC5200DD9AC5 /* FriendsModel.xcdatamodel */,
			);
			currentVersion = 9B23E8682434CC5200DD9AC5 /* FriendsModel.xcdatamodel */;
			path = FriendsModel.xcdatamodeld;
			sourceTree = "<group>";
			versionGroupType = wrapper.xcdatamodel;
		};
/* End XCVersionGroup section */
	};
	rootObject = 9BCB2DEE2410885200ADF13F /* Project object */;
}
